
Microsoft Visual Studio Solution File, Format Version 12.00
# Visual Studio Version 16
VisualStudioVersion = 16.0.31321.278
MinimumVisualStudioVersion = 10.0.40219.1
Project("{FAE04EC0-301F-11D3-BF4B-00C04F79EFBC}") = "LinkedList", "LinkedList\LinkedList.csproj", "{F6A740B6-6D93-482D-9797-40A990639171}"
EndProject
Global
	GlobalSection(SolutionConfigurationPlatforms) = preSolution
		Debug|Any CPU = Debug|Any CPU
		Release|Any CPU = Release|Any CPU
	EndGlobalSection
	GlobalSection(ProjectConfigurationPlatforms) = postSolution
		{F6A740B6-6D93-482D-9797-40A990639171}.Debug|Any CPU.ActiveCfg = Debug|Any CPU
		{F6A740B6-6D93-482D-9797-40A990639171}.Debug|Any CPU.Build.0 = Debug|Any CPU
		{F6A740B6-6D93-482D-9797-40A990639171}.Release|Any CPU.ActiveCfg = Release|Any CPU
		{F6A740B6-6D93-482D-9797-40A990639171}.Release|Any CPU.Build.0 = Release|Any CPU
	EndGlobalSection
	GlobalSection(SolutionProperties) = preSolution
		HideSolutionNode = FALSE
	EndGlobalSection
	GlobalSection(ExtensibilityGlobals) = postSolution
		SolutionGuid = {863603BE-4ED4-432F-B393-754916C32FBB}
	EndGlobalSection
EndGlobal
